// !$*UTF8*$!
{
	archiveVersion = 1;
	classes = {
	};
	objectVersion = 50;
	objects = {

/* Begin PBXBuildFile section */
		F696842722E2F41B00A2F87D /* AppDelegate.swift in Sources */ = {isa = PBXBuildFile; fileRef = F696842622E2F41B00A2F87D /* AppDelegate.swift */; };
		F696842922E2F41B00A2F87D /* ViewController.swift in Sources */ = {isa = PBXBuildFile; fileRef = F696842822E2F41B00A2F87D /* ViewController.swift */; };
		F696842C22E2F41B00A2F87D /* Main.storyboard in Resources */ = {isa = PBXBuildFile; fileRef = F696842A22E2F41B00A2F87D /* Main.storyboard */; };
		F696842E22E2F41D00A2F87D /* Assets.xcassets in Resources */ = {isa = PBXBuildFile; fileRef = F696842D22E2F41D00A2F87D /* Assets.xcassets */; };
		F696843122E2F41D00A2F87D /* LaunchScreen.storyboard in Resources */ = {isa = PBXBuildFile; fileRef = F696842F22E2F41D00A2F87D /* LaunchScreen.storyboard */; };
		F696843922E2F43000A2F87D /* .gitignore in Resources */ = {isa = PBXBuildFile; fileRef = F696843822E2F43000A2F87D /* .gitignore */; };
		F696848822E6D75D00A2F87D /* AddTodoViewController.swift in Sources */ = {isa = PBXBuildFile; fileRef = F696848722E6D75D00A2F87D /* AddTodoViewController.swift */; };
/* End PBXBuildFile section */

/* Begin PBXFileReference section */
		F696842322E2F41B00A2F87D /* WordCardSample4.app */ = {isa = PBXFileReference; explicitFileType = wrapper.application; includeInIndex = 0; path = WordCardSample4.app; sourceTree = BUILT_PRODUCTS_DIR; };
		F696842622E2F41B00A2F87D /* AppDelegate.swift */ = {isa = PBXFileReference; lastKnownFileType = sourcecode.swift; path = AppDelegate.swift; sourceTree = "<group>"; };
		F696842822E2F41B00A2F87D /* ViewController.swift */ = {isa = PBXFileReference; lastKnownFileType = sourcecode.swift; path = ViewController.swift; sourceTree = "<group>"; };
		F696842B22E2F41B00A2F87D /* Base */ = {isa = PBXFileReference; lastKnownFileType = file.storyboard; name = Base; path = Base.lproj/Main.storyboard; sourceTree = "<group>"; };
		F696842D22E2F41D00A2F87D /* Assets.xcassets */ = {isa = PBXFileReference; lastKnownFileType = folder.assetcatalog; path = Assets.xcassets; sourceTree = "<group>"; };
		F696843022E2F41D00A2F87D /* Base */ = {isa = PBXFileReference; lastKnownFileType = file.storyboard; name = Base; path = Base.lproj/LaunchScreen.storyboard; sourceTree = "<group>"; };
		F696843222E2F41D00A2F87D /* Info.plist */ = {isa = PBXFileReference; lastKnownFileType = text.plist.xml; path = Info.plist; sourceTree = "<group>"; };
		F696843822E2F43000A2F87D /* .gitignore */ = {isa = PBXFileReference; lastKnownFileType = text; path = .gitignore; sourceTree = "<group>"; };
		F696848722E6D75D00A2F87D /* AddTodoViewController.swift */ = {isa = PBXFileReference; lastKnownFileType = sourcecode.swift; path = AddTodoViewController.swift; sourceTree = "<group>"; };
/* End PBXFileReference section */

/* Begin PBXFrameworksBuildPhase section */
		F696842022E2F41B00A2F87D /* Frameworks */ = {
			isa = PBXFrameworksBuildPhase;
			buildActionMask = 2147483647;
			files = (
			);
			runOnlyForDeploymentPostprocessing = 0;
		};
/* End PBXFrameworksBuildPhase section */

/* Begin PBXGroup section */
		F696841A22E2F41B00A2F87D = {
			isa = PBXGroup;
			children = (
				F696843822E2F43000A2F87D /* .gitignore */,
				F696842522E2F41B00A2F87D /* WordCardSample4 */,
				F696842422E2F41B00A2F87D /* Products */,
			);
			sourceTree = "<group>";
		};
		F696842422E2F41B00A2F87D /* Products */ = {
			isa = PBXGroup;
			children = (
				F696842322E2F41B00A2F87D /* WordCardSample4.app */,
			);
			name = Products;
			sourceTree = "<group>";
		};
		F696842522E2F41B00A2F87D /* WordCardSample4 */ = {
			isa = PBXGroup;
			children = (
				F696842622E2F41B00A2F87D /* AppDelegate.swift */,
				F696842822E2F41B00A2F87D /* ViewController.swift */,
				F696848722E6D75D00A2F87D /* AddTodoViewController.swift */,
				F696842A22E2F41B00A2F87D /* Main.storyboard */,
				F696842D22E2F41D00A2F87D /* Assets.xcassets */,
				F696842F22E2F41D00A2F87D /* LaunchScreen.storyboard */,
				F696843222E2F41D00A2F87D /* Info.plist */,
			);
			path = WordCardSample4;
			sourceTree = "<group>";
		};
/* End PBXGroup section */

/* Begin PBXNativeTarget section */
		F696842222E2F41B00A2F87D /* WordCardSample4 */ = {
			isa = PBXNativeTarget;
			buildConfigurationList = F696843522E2F41D00A2F87D /* Build configuration list for PBXNativeTarget "WordCardSample4" */;
			buildPhases = (
				F696841F22E2F41B00A2F87D /* Sources */,
				F696842022E2F41B00A2F87D /* Frameworks */,
				F696842122E2F41B00A2F87D /* Resources */,
			);
			buildRules = (
			);
			dependencies = (
			);
			name = WordCardSample4;
			productName = WordCardSample4;
			productReference = F696842322E2F41B00A2F87D /* WordCardSample4.app */;
			productType = "com.apple.product-type.application";
		};
/* End PBXNativeTarget section */

/* Begin PBXProject section */
		F696841B22E2F41B00A2F87D /* Project object */ = {
			isa = PBXProject;
			attributes = {
				LastSwiftUpdateCheck = 1020;
				LastUpgradeCheck = 1020;
				ORGANIZATIONNAME = "Keita Watanabe";
				TargetAttributes = {
					F696842222E2F41B00A2F87D = {
						CreatedOnToolsVersion = 10.2.1;
					};
				};
			};
			buildConfigurationList = F696841E22E2F41B00A2F87D /* Build configuration list for PBXProject "WordCardSample4" */;
			compatibilityVersion = "Xcode 9.3";
			developmentRegion = en;
			hasScannedForEncodings = 0;
			knownRegions = (
				en,
				Base,
			);
			mainGroup = F696841A22E2F41B00A2F87D;
			productRefGroup = F696842422E2F41B00A2F87D /* Products */;
			projectDirPath = "";
			projectRoot = "";
			targets = (
				F696842222E2F41B00A2F87D /* WordCardSample4 */,
			);
		};
/* End PBXProject section */

/* Begin PBXResourcesBuildPhase section */
		F696842122E2F41B00A2F87D /* Resources */ = {
			isa = PBXResourcesBuildPhase;
			buildActionMask = 2147483647;
			files = (
				F696843922E2F43000A2F87D /* .gitignore in Resources */,
				F696843122E2F41D00A2F87D /* LaunchScreen.storyboard in Resources */,
				F696842E22E2F41D00A2F87D /* Assets.xcassets in Resources */,
				F696842C22E2F41B00A2F87D /* Main.storyboard in Resources */,
			);
			runOnlyForDeploymentPostprocessing = 0;
		};
/* End PBXResourcesBuildPhase section */

/* Begin PBXSourcesBuildPhase section */
		F696841F22E2F41B00A2F87D /* Sources */ = {
			isa = PBXSourcesBuildPhase;
			buildActionMask = 2147483647;
			files = (
				F696842922E2F41B00A2F87D /* ViewController.swift in Sources */,
				F696848822E6D75D00A2F87D /* AddTodoViewController.swift in Sources */,
				F696842722E2F41B00A2F87D /* AppDelegate.swift in Sources */,
			);
			runOnlyForDeploymentPostprocessing = 0;
		};
/* End PBXSourcesBuildPhase section */

/* Begin PBXVariantGroup section */
		F696842A22E2F41B00A2F87D /* Main.storyboard */ = {
			isa = PBXVariantGroup;
			children = (
				F696842B22E2F41B00A2F87D /* Base */,
			);
			name = Main.storyboard;
			sourceTree = "<group>";
		};
		F696842F22E2F41D00A2F87D /* LaunchScreen.storyboard */ = {
			isa = PBXVariantGroup;
			children = (
				F696843022E2F41D00A2F87D /* Base */,
			);
			name = LaunchScreen.storyboard;
			sourceTree = "<group>";
		};
/* End PBXVariantGroup section */

/* Begin XCBuildConfiguration section */
		F696843322E2F41D00A2F87D /* Debug */ = {
			isa = XCBuildConfiguration;
			buildSettings = {
				ALWAYS_SEARCH_USER_PATHS = NO;
				CLANG_ANALYZER_NONNULL = YES;
				CLANG_ANALYZER_NUMBER_OBJECT_CONVERSION = YES_AGGRESSIVE;
				CLANG_CXX_LANGUAGE_STANDARD = "gnu++14";
				CLANG_CXX_LIBRARY = "libc++";
				CLANG_ENABLE_MODULES = YES;
				CLANG_ENABLE_OBJC_ARC = YES;
				CLANG_ENABLE_OBJC_WEAK = YES;
				CLANG_WARN_BLOCK_CAPTURE_AUTORELEASING = YES;
				CLANG_WARN_BOOL_CONVERSION = YES;
				CLANG_WARN_COMMA = YES;
				CLANG_WARN_CONSTANT_CONVERSION = YES;
				CLANG_WARN_DEPRECATED_OBJC_IMPLEMENTATIONS = YES;
				CLANG_WARN_DIRECT_OBJC_ISA_USAGE = YES_ERROR;
				CLANG_WARN_DOCUMENTATION_COMMENTS = YES;
				CLANG_WARN_EMPTY_BODY = YES;
				CLANG_WARN_ENUM_CONVERSION = YES;
				CLANG_WARN_INFINITE_RECURSION = YES;
				CLANG_WARN_INT_CONVERSION = YES;
				CLANG_WARN_NON_LITERAL_NULL_CONVERSION = YES;
				CLANG_WARN_OBJC_IMPLICIT_RETAIN_SELF = YES;
				CLANG_WARN_OBJC_LITERAL_CONVERSION = YES;
				CLANG_WARN_OBJC_ROOT_CLASS = YES_ERROR;
				CLANG_WARN_RANGE_LOOP_ANALYSIS = YES;
				CLANG_WARN_STRICT_PROTOTYPES = YES;
				CLANG_WARN_SUSPICIOUS_MOVE = YES;
				CLANG_WARN_UNGUARDED_AVAILABILITY = YES_AGGRESSIVE;
				CLANG_WARN_UNREACHABLE_CODE = YES;
				CLANG_WARN__DUPLICATE_METHOD_MATCH = YES;
				CODE_SIGN_IDENTITY = "iPhone Developer";
				COPY_PHASE_STRIP = NO;
				DEBUG_INFORMATION_FORMAT = dwarf;
				ENABLE_STRICT_OBJC_MSGSEND = YES;
				ENABLE_TESTABILITY = YES;
				GCC_C_LANGUAGE_STANDARD = gnu11;
				GCC_DYNAMIC_NO_PIC = NO;
				GCC_NO_COMMON_BLOCKS = YES;
				GCC_OPTIMIZATION_LEVEL = 0;
				GCC_PREPROCESSOR_DEFINITIONS = (
					"DEBUG=1",
					"$(inherited)",
				);
				GCC_WARN_64_TO_32_BIT_CONVERSION = YES;
				GCC_WARN_ABOUT_RETURN_TYPE = YES_ERROR;
				GCC_WARN_UNDECLARED_SELECTOR = YES;
				GCC_WARN_UNINITIALIZED_AUTOS = YES_AGGRESSIVE;
				GCC_WARN_UNUSED_FUNCTION = YES;
				GCC_WARN_UNUSED_VARIABLE = YES;
				IPHONEOS_DEPLOYMENT_TARGET = 12.2;
				MTL_ENABLE_DEBUG_INFO = INCLUDE_SOURCE;
				MTL_FAST_MATH = YES;
				ONLY_ACTIVE_ARCH = YES;
				SDKROOT = iphoneos;
				SWIFT_ACTIVE_COMPILATION_CONDITIONS = DEBUG;
				SWIFT_OPTIMIZATION_LEVEL = "-Onone";
			};
			name = Debug;
		};
		F696843422E2F41D00A2F87D /* Release */ = {
			isa = XCBuildConfiguration;
			buildSettings = {
				ALWAYS_SEARCH_USER_PATHS = NO;
				CLANG_ANALYZER_NONNULL = YES;
				CLANG_ANALYZER_NUMBER_OBJECT_CONVERSION = YES_AGGRESSIVE;
				CLANG_CXX_LANGUAGE_STANDARD = "gnu++14";
				CLANG_CXX_LIBRARY = "libc++";
				CLANG_ENABLE_MODULES = YES;
				CLANG_ENABLE_OBJC_ARC = YES;
				CLANG_ENABLE_OBJC_WEAK = YES;
				CLANG_WARN_BLOCK_CAPTURE_AUTORELEASING = YES;
				CLANG_WARN_BOOL_CONVERSION = YES;
				CLANG_WARN_COMMA = YES;
				CLANG_WARN_CONSTANT_CONVERSION = YES;
				CLANG_WARN_DEPRECATED_OBJC_IMPLEMENTATIONS = YES;
				CLANG_WARN_DIRECT_OBJC_ISA_USAGE = YES_ERROR;
				CLANG_WARN_DOCUMENTATION_COMMENTS = YES;
				CLANG_WARN_EMPTY_BODY = YES;
				CLANG_WARN_ENUM_CONVERSION = YES;
				CLANG_WARN_INFINITE_RECURSION = YES;
				CLANG_WARN_INT_CONVERSION = YES;
				CLANG_WARN_NON_LITERAL_NULL_CONVERSION = YES;
				CLANG_WARN_OBJC_IMPLICIT_RETAIN_SELF = YES;
				CLANG_WARN_OBJC_LITERAL_CONVERSION = YES;
				CLANG_WARN_OBJC_ROOT_CLASS = YES_ERROR;
				CLANG_WARN_RANGE_LOOP_ANALYSIS = YES;
				CLANG_WARN_STRICT_PROTOTYPES = YES;
				CLANG_WARN_SUSPICIOUS_MOVE = YES;
				CLANG_WARN_UNGUARDED_AVAILABILITY = YES_AGGRESSIVE;
				CLANG_WARN_UNREACHABLE_CODE = YES;
				CLANG_WARN__DUPLICATE_METHOD_MATCH = YES;
				CODE_SIGN_IDENTITY = "iPhone Developer";
				COPY_PHASE_STRIP = NO;
				DEBUG_INFORMATION_FORMAT = "dwarf-with-dsym";
				ENABLE_NS_ASSERTIONS = NO;
				ENABLE_STRICT_OBJC_MSGSEND = YES;
				GCC_C_LANGUAGE_STANDARD = gnu11;
				GCC_NO_COMMON_BLOCKS = YES;
				GCC_WARN_64_TO_32_BIT_CONVERSION = YES;
				GCC_WARN_ABOUT_RETURN_TYPE = YES_ERROR;
				GCC_WARN_UNDECLARED_SELECTOR = YES;
				GCC_WARN_UNINITIALIZED_AUTOS = YES_AGGRESSIVE;
				GCC_WARN_UNUSED_FUNCTION = YES;
				GCC_WARN_UNUSED_VARIABLE = YES;
				IPHONEOS_DEPLOYMENT_TARGET = 12.2;
				MTL_ENABLE_DEBUG_INFO = NO;
				MTL_FAST_MATH = YES;
				SDKROOT = iphoneos;
				SWIFT_COMPILATION_MODE = wholemodule;
				SWIFT_OPTIMIZATION_LEVEL = "-O";
				VALIDATE_PRODUCT = YES;
			};
			name = Release;
		};
		F696843622E2F41D00A2F87D /* Debug */ = {
			isa = XCBuildConfiguration;
			buildSettings = {
				ASSETCATALOG_COMPILER_APPICON_NAME = AppIcon;
				CODE_SIGN_STYLE = Automatic;
				INFOPLIST_FILE = WordCardSample4/Info.plist;
				LD_RUNPATH_SEARCH_PATHS = (
					"$(inherited)",
					"@executable_path/Frameworks",
				);
				PRODUCT_BUNDLE_IDENTIFIER = com.warder.WordCardSample4;
				PRODUCT_NAME = "$(TARGET_NAME)";
				SWIFT_VERSION = 5.0;
				TARGETED_DEVICE_FAMILY = "1,2";
			};
			name = Debug;
		};
		F696843722E2F41D00A2F87D /* Release */ = {
			isa = XCBuildConfiguration;
			buildSettings = {
				ASSETCATALOG_COMPILER_APPICON_NAME = AppIcon;
				CODE_SIGN_STYLE = Automatic;
				INFOPLIST_FILE = WordCardSample4/Info.plist;
				LD_RUNPATH_SEARCH_PATHS = (
					"$(inherited)",
					"@executable_path/Frameworks",
				);
				PRODUCT_BUNDLE_IDENTIFIER = com.warder.WordCardSample4;
				PRODUCT_NAME = "$(TARGET_NAME)";
				SWIFT_VERSION = 5.0;
				TARGETED_DEVICE_FAMILY = "1,2";
			};
			name = Release;
		};
/* End XCBuildConfiguration section */

/* Begin XCConfigurationList section */
		F696841E22E2F41B00A2F87D /* Build configuration list for PBXProject "WordCardSample4" */ = {
			isa = XCConfigurationList;
			buildConfigurations = (
				F696843322E2F41D00A2F87D /* Debug */,
				F696843422E2F41D00A2F87D /* Release */,
			);
			defaultConfigurationIsVisible = 0;
			defaultConfigurationName = Release;
		};
		F696843522E2F41D00A2F87D /* Build configuration list for PBXNativeTarget "WordCardSample4" */ = {
			isa = XCConfigurationList;
			buildConfigurations = (
				F696843622E2F41D00A2F87D /* Debug */,
				F696843722E2F41D00A2F87D /* Release */,
			);
			defaultConfigurationIsVisible = 0;
			defaultConfigurationName = Release;
		};
/* End XCConfigurationList section */
	};
	rootObject = F696841B22E2F41B00A2F87D /* Project object */;
}
